// !$*UTF8*$!
{
	archiveVersion = 1;
	classes = {
	};
	objectVersion = 46;
	objects = {

/* Begin PBXBuildFile section */
		2469E3872DD8B9B845FA5D46 /* libPods-AdventureBuilderUITests.a in Frameworks */ = {isa = PBXBuildFile; fileRef = 355655D15C5F9568C0838655 /* libPods-AdventureBuilderUITests.a */; };
		3496328667F7ACD9A1AB2408 /* libPods-AdventureBuilderTests.a in Frameworks */ = {isa = PBXBuildFile; fileRef = 3B3EE31C21E7504B8F974CD5 /* libPods-AdventureBuilderTests.a */; };
		8C5D08F393D75FE466A98597 /* libPods-AdventureBuilder.a in Frameworks */ = {isa = PBXBuildFile; fileRef = 97C1EBF18636711E5229A898 /* libPods-AdventureBuilder.a */; };
		D4485FFE1D3FB844001A2FDF /* AddBooking.storyboard in Resources */ = {isa = PBXBuildFile; fileRef = D4485FFC1D3FB844001A2FDF /* AddBooking.storyboard */; };
		D44860011D3FC6A2001A2FDF /* EnterCustomerInformationViewController.m in Sources */ = {isa = PBXBuildFile; fileRef = D44860001D3FC6A2001A2FDF /* EnterCustomerInformationViewController.m */; };
		D44860071D3FFE2C001A2FDF /* SelectAdventureViewController.m in Sources */ = {isa = PBXBuildFile; fileRef = D44860061D3FFE2C001A2FDF /* SelectAdventureViewController.m */; };
		D448600A1D3FFF7D001A2FDF /* SelectBookingOptionsViewController.m in Sources */ = {isa = PBXBuildFile; fileRef = D44860091D3FFF7D001A2FDF /* SelectBookingOptionsViewController.m */; };
		D448600D1D40031A001A2FDF /* SelectDepartingFlightViewController.m in Sources */ = {isa = PBXBuildFile; fileRef = D448600C1D40031A001A2FDF /* SelectDepartingFlightViewController.m */; };
		D44860101D400591001A2FDF /* SelectReturningFlightViewController.m in Sources */ = {isa = PBXBuildFile; fileRef = D448600F1D400591001A2FDF /* SelectReturningFlightViewController.m */; };
		D44860131D400706001A2FDF /* ReviewBookingDetailsViewController.m in Sources */ = {isa = PBXBuildFile; fileRef = D44860121D400706001A2FDF /* ReviewBookingDetailsViewController.m */; };
		D44860161D410B89001A2FDF /* JabUIStoryboard.m in Sources */ = {isa = PBXBuildFile; fileRef = D44860151D410B89001A2FDF /* JabUIStoryboard.m */; };
		D44860191D414A7B001A2FDF /* JabUIStoryboardSegue.m in Sources */ = {isa = PBXBuildFile; fileRef = D44860181D414A7B001A2FDF /* JabUIStoryboardSegue.m */; };
		D450573E1D33E15100AC630E /* main.m in Sources */ = {isa = PBXBuildFile; fileRef = D450573D1D33E15100AC630E /* main.m */; };
		D45057411D33E15100AC630E /* AppDelegate.m in Sources */ = {isa = PBXBuildFile; fileRef = D45057401D33E15100AC630E /* AppDelegate.m */; };
		D45057471D33E15100AC630E /* Main.storyboard in Resources */ = {isa = PBXBuildFile; fileRef = D45057451D33E15100AC630E /* Main.storyboard */; };
		D45057491D33E15100AC630E /* Assets.xcassets in Resources */ = {isa = PBXBuildFile; fileRef = D45057481D33E15100AC630E /* Assets.xcassets */; };
		D450574C1D33E15100AC630E /* LaunchScreen.storyboard in Resources */ = {isa = PBXBuildFile; fileRef = D450574A1D33E15100AC630E /* LaunchScreen.storyboard */; };
		D45057701D3410BA00AC630E /* AppDelegateSpec.mm in Sources */ = {isa = PBXBuildFile; fileRef = D450576F1D3410BA00AC630E /* AppDelegateSpec.mm */; };
		D45057721D3412BF00AC630E /* Info.plist in Resources */ = {isa = PBXBuildFile; fileRef = D45057711D3412BF00AC630E /* Info.plist */; };
		D45057741D3412C700AC630E /* Info.plist in Resources */ = {isa = PBXBuildFile; fileRef = D45057731D3412C700AC630E /* Info.plist */; };
		D45CE8E41D3818F400132ED3 /* ListBookingViewController.m in Sources */ = {isa = PBXBuildFile; fileRef = D45CE8E31D3818F400132ED3 /* ListBookingViewController.m */; };
		D45CE8E51D3818F400132ED3 /* ListBookingViewController.m in Sources */ = {isa = PBXBuildFile; fileRef = D45CE8E31D3818F400132ED3 /* ListBookingViewController.m */; };
		D45CE8EC1D381C1F00132ED3 /* ListBookingViewControllerSpec.mm in Sources */ = {isa = PBXBuildFile; fileRef = D45CE8EB1D381C1F00132ED3 /* ListBookingViewControllerSpec.mm */; };
		D45CE8EF1D39706400132ED3 /* BookingService.m in Sources */ = {isa = PBXBuildFile; fileRef = D45CE8EE1D39706400132ED3 /* BookingService.m */; };
		D45CE8F11D3970FB00132ED3 /* BookingServiceSpec.mm in Sources */ = {isa = PBXBuildFile; fileRef = D45CE8F01D3970FB00132ED3 /* BookingServiceSpec.mm */; };
		D49F30511D3D076300382F5C /* JabApiManager.m in Sources */ = {isa = PBXBuildFile; fileRef = D49F30501D3D076300382F5C /* JabApiManager.m */; };
		D49F30561D3D610400382F5C /* Booking.m in Sources */ = {isa = PBXBuildFile; fileRef = D49F30551D3D610400382F5C /* Booking.m */; };
		D49F30581D3D613900382F5C /* BookingSpec.mm in Sources */ = {isa = PBXBuildFile; fileRef = D49F30571D3D613900382F5C /* BookingSpec.mm */; };
		D49F305B1D3D672C00382F5C /* Customer.m in Sources */ = {isa = PBXBuildFile; fileRef = D49F305A1D3D672C00382F5C /* Customer.m */; };
		D49F305E1D3D673A00382F5C /* Adventure.m in Sources */ = {isa = PBXBuildFile; fileRef = D49F305D1D3D673A00382F5C /* Adventure.m */; };
		D49F30611D3D674900382F5C /* Flight.m in Sources */ = {isa = PBXBuildFile; fileRef = D49F30601D3D674900382F5C /* Flight.m */; };
		D49F30631D3E5AB200382F5C /* CustomerSpec.mm in Sources */ = {isa = PBXBuildFile; fileRef = D49F30621D3E5AB200382F5C /* CustomerSpec.mm */; };
		D49F30651D3E66AE00382F5C /* AdventureSpec.mm in Sources */ = {isa = PBXBuildFile; fileRef = D49F30641D3E66AE00382F5C /* AdventureSpec.mm */; };
		D49F30671D3E6A6000382F5C /* FlightSpec.mm in Sources */ = {isa = PBXBuildFile; fileRef = D49F30661D3E6A6000382F5C /* FlightSpec.mm */; };
/* End PBXBuildFile section */

/* Begin PBXContainerItemProxy section */
		D45057531D33E15100AC630E /* PBXContainerItemProxy */ = {
			isa = PBXContainerItemProxy;
			containerPortal = D45057311D33E15100AC630E /* Project object */;
			proxyType = 1;
			remoteGlobalIDString = D45057381D33E15100AC630E;
			remoteInfo = AdventureBuilder;
		};
		D450575E1D33E15100AC630E /* PBXContainerItemProxy */ = {
			isa = PBXContainerItemProxy;
			containerPortal = D45057311D33E15100AC630E /* Project object */;
			proxyType = 1;
			remoteGlobalIDString = D45057381D33E15100AC630E;
			remoteInfo = AdventureBuilder;
		};
/* End PBXContainerItemProxy section */

/* Begin PBXFileReference section */
		0766FD7211ECB8317AABEB36 /* Pods-AdventureBuilderUITests.debug.xcconfig */ = {isa = PBXFileReference; includeInIndex = 1; lastKnownFileType = text.xcconfig; name = "Pods-AdventureBuilderUITests.debug.xcconfig"; path = "Pods/Target Support Files/Pods-AdventureBuilderUITests/Pods-AdventureBuilderUITests.debug.xcconfig"; sourceTree = "<group>"; };
		355655D15C5F9568C0838655 /* libPods-AdventureBuilderUITests.a */ = {isa = PBXFileReference; explicitFileType = archive.ar; includeInIndex = 0; path = "libPods-AdventureBuilderUITests.a"; sourceTree = BUILT_PRODUCTS_DIR; };
		3B3EE31C21E7504B8F974CD5 /* libPods-AdventureBuilderTests.a */ = {isa = PBXFileReference; explicitFileType = archive.ar; includeInIndex = 0; path = "libPods-AdventureBuilderTests.a"; sourceTree = BUILT_PRODUCTS_DIR; };
		4F05FA04CE31C542BD3C923E /* Pods-AdventureBuilderTests.release.xcconfig */ = {isa = PBXFileReference; includeInIndex = 1; lastKnownFileType = text.xcconfig; name = "Pods-AdventureBuilderTests.release.xcconfig"; path = "Pods/Target Support Files/Pods-AdventureBuilderTests/Pods-AdventureBuilderTests.release.xcconfig"; sourceTree = "<group>"; };
		57A57DDB24DA7A7BE50217CA /* Pods-AdventureBuilderUITests.release.xcconfig */ = {isa = PBXFileReference; includeInIndex = 1; lastKnownFileType = text.xcconfig; name = "Pods-AdventureBuilderUITests.release.xcconfig"; path = "Pods/Target Support Files/Pods-AdventureBuilderUITests/Pods-AdventureBuilderUITests.release.xcconfig"; sourceTree = "<group>"; };
		6F000A1220A730D0B5BAB9FC /* Pods-AdventureBuilder.release.xcconfig */ = {isa = PBXFileReference; includeInIndex = 1; lastKnownFileType = text.xcconfig; name = "Pods-AdventureBuilder.release.xcconfig"; path = "Pods/Target Support Files/Pods-AdventureBuilder/Pods-AdventureBuilder.release.xcconfig"; sourceTree = "<group>"; };
		7513C79C360E229E8A096D9F /* Pods-AdventureBuilderTests.debug.xcconfig */ = {isa = PBXFileReference; includeInIndex = 1; lastKnownFileType = text.xcconfig; name = "Pods-AdventureBuilderTests.debug.xcconfig"; path = "Pods/Target Support Files/Pods-AdventureBuilderTests/Pods-AdventureBuilderTests.debug.xcconfig"; sourceTree = "<group>"; };
		97C1EBF18636711E5229A898 /* libPods-AdventureBuilder.a */ = {isa = PBXFileReference; explicitFileType = archive.ar; includeInIndex = 0; path = "libPods-AdventureBuilder.a"; sourceTree = BUILT_PRODUCTS_DIR; };
		D4485FFD1D3FB844001A2FDF /* Base */ = {isa = PBXFileReference; lastKnownFileType = file.storyboard; name = Base; path = Base.lproj/AddBooking.storyboard; sourceTree = "<group>"; };
		D4485FFF1D3FC6A2001A2FDF /* EnterCustomerInformationViewController.h */ = {isa = PBXFileReference; fileEncoding = 4; lastKnownFileType = sourcecode.c.h; path = EnterCustomerInformationViewController.h; sourceTree = "<group>"; };
		D44860001D3FC6A2001A2FDF /* EnterCustomerInformationViewController.m */ = {isa = PBXFileReference; fileEncoding = 4; lastKnownFileType = sourcecode.c.objc; path = EnterCustomerInformationViewController.m; sourceTree = "<group>"; };
		D44860051D3FFE2C001A2FDF /* SelectAdventureViewController.h */ = {isa = PBXFileReference; fileEncoding = 4; lastKnownFileType = sourcecode.c.h; path = SelectAdventureViewController.h; sourceTree = "<group>"; };
		D44860061D3FFE2C001A2FDF /* SelectAdventureViewController.m */ = {isa = PBXFileReference; fileEncoding = 4; lastKnownFileType = sourcecode.c.objc; path = SelectAdventureViewController.m; sourceTree = "<group>"; };
		D44860081D3FFF7D001A2FDF /* SelectBookingOptionsViewController.h */ = {isa = PBXFileReference; fileEncoding = 4; lastKnownFileType = sourcecode.c.h; path = SelectBookingOptionsViewController.h; sourceTree = "<group>"; };
		D44860091D3FFF7D001A2FDF /* SelectBookingOptionsViewController.m */ = {isa = PBXFileReference; fileEncoding = 4; lastKnownFileType = sourcecode.c.objc; path = SelectBookingOptionsViewController.m; sourceTree = "<group>"; };
		D448600B1D40031A001A2FDF /* SelectDepartingFlightViewController.h */ = {isa = PBXFileReference; fileEncoding = 4; lastKnownFileType = sourcecode.c.h; path = SelectDepartingFlightViewController.h; sourceTree = "<group>"; };
		D448600C1D40031A001A2FDF /* SelectDepartingFlightViewController.m */ = {isa = PBXFileReference; fileEncoding = 4; lastKnownFileType = sourcecode.c.objc; path = SelectDepartingFlightViewController.m; sourceTree = "<group>"; };
		D448600E1D400591001A2FDF /* SelectReturningFlightViewController.h */ = {isa = PBXFileReference; fileEncoding = 4; lastKnownFileType = sourcecode.c.h; path = SelectReturningFlightViewController.h; sourceTree = "<group>"; };
		D448600F1D400591001A2FDF /* SelectReturningFlightViewController.m */ = {isa = PBXFileReference; fileEncoding = 4; lastKnownFileType = sourcecode.c.objc; path = SelectReturningFlightViewController.m; sourceTree = "<group>"; };
		D44860111D400706001A2FDF /* ReviewBookingDetailsViewController.h */ = {isa = PBXFileReference; fileEncoding = 4; lastKnownFileType = sourcecode.c.h; path = ReviewBookingDetailsViewController.h; sourceTree = "<group>"; };
		D44860121D400706001A2FDF /* ReviewBookingDetailsViewController.m */ = {isa = PBXFileReference; fileEncoding = 4; lastKnownFileType = sourcecode.c.objc; path = ReviewBookingDetailsViewController.m; sourceTree = "<group>"; };
		D44860141D410B89001A2FDF /* JabUIStoryboard.h */ = {isa = PBXFileReference; fileEncoding = 4; lastKnownFileType = sourcecode.c.h; path = JabUIStoryboard.h; sourceTree = "<group>"; };
		D44860151D410B89001A2FDF /* JabUIStoryboard.m */ = {isa = PBXFileReference; fileEncoding = 4; lastKnownFileType = sourcecode.c.objc; path = JabUIStoryboard.m; sourceTree = "<group>"; };
		D44860171D414A7B001A2FDF /* JabUIStoryboardSegue.h */ = {isa = PBXFileReference; fileEncoding = 4; lastKnownFileType = sourcecode.c.h; path = JabUIStoryboardSegue.h; sourceTree = "<group>"; };
		D44860181D414A7B001A2FDF /* JabUIStoryboardSegue.m */ = {isa = PBXFileReference; fileEncoding = 4; lastKnownFileType = sourcecode.c.objc; path = JabUIStoryboardSegue.m; sourceTree = "<group>"; };
		D45057391D33E15100AC630E /* AdventureBuilder.app */ = {isa = PBXFileReference; explicitFileType = wrapper.application; includeInIndex = 0; path = AdventureBuilder.app; sourceTree = BUILT_PRODUCTS_DIR; };
		D450573D1D33E15100AC630E /* main.m */ = {isa = PBXFileReference; lastKnownFileType = sourcecode.c.objc; path = main.m; sourceTree = "<group>"; };
		D450573F1D33E15100AC630E /* AppDelegate.h */ = {isa = PBXFileReference; lastKnownFileType = sourcecode.c.h; path = AppDelegate.h; sourceTree = "<group>"; };
		D45057401D33E15100AC630E /* AppDelegate.m */ = {isa = PBXFileReference; lastKnownFileType = sourcecode.c.objc; path = AppDelegate.m; sourceTree = "<group>"; };
		D45057461D33E15100AC630E /* Base */ = {isa = PBXFileReference; lastKnownFileType = file.storyboard; name = Base; path = Base.lproj/Main.storyboard; sourceTree = "<group>"; };
		D45057481D33E15100AC630E /* Assets.xcassets */ = {isa = PBXFileReference; lastKnownFileType = folder.assetcatalog; path = Assets.xcassets; sourceTree = "<group>"; };
		D450574B1D33E15100AC630E /* Base */ = {isa = PBXFileReference; lastKnownFileType = file.storyboard; name = Base; path = Base.lproj/LaunchScreen.storyboard; sourceTree = "<group>"; };
		D450574D1D33E15100AC630E /* Info.plist */ = {isa = PBXFileReference; lastKnownFileType = text.plist.xml; path = Info.plist; sourceTree = "<group>"; };
		D45057521D33E15100AC630E /* AdventureBuilderTests.xctest */ = {isa = PBXFileReference; explicitFileType = wrapper.cfbundle; includeInIndex = 0; path = AdventureBuilderTests.xctest; sourceTree = BUILT_PRODUCTS_DIR; };
		D450575D1D33E15100AC630E /* AdventureBuilderUITests.xctest */ = {isa = PBXFileReference; explicitFileType = wrapper.cfbundle; includeInIndex = 0; path = AdventureBuilderUITests.xctest; sourceTree = BUILT_PRODUCTS_DIR; };
		D450576F1D3410BA00AC630E /* AppDelegateSpec.mm */ = {isa = PBXFileReference; fileEncoding = 4; lastKnownFileType = sourcecode.cpp.objcpp; path = AppDelegateSpec.mm; sourceTree = "<group>"; };
		D45057711D3412BF00AC630E /* Info.plist */ = {isa = PBXFileReference; fileEncoding = 4; lastKnownFileType = text.plist.xml; path = Info.plist; sourceTree = "<group>"; };
		D45057731D3412C700AC630E /* Info.plist */ = {isa = PBXFileReference; fileEncoding = 4; lastKnownFileType = text.plist.xml; path = Info.plist; sourceTree = "<group>"; };
		D45CE8E21D3818F400132ED3 /* ListBookingViewController.h */ = {isa = PBXFileReference; fileEncoding = 4; lastKnownFileType = sourcecode.c.h; path = ListBookingViewController.h; sourceTree = "<group>"; };
		D45CE8E31D3818F400132ED3 /* ListBookingViewController.m */ = {isa = PBXFileReference; fileEncoding = 4; lastKnownFileType = sourcecode.c.objc; path = ListBookingViewController.m; sourceTree = "<group>"; };
		D45CE8EB1D381C1F00132ED3 /* ListBookingViewControllerSpec.mm */ = {isa = PBXFileReference; fileEncoding = 4; lastKnownFileType = sourcecode.cpp.objcpp; path = ListBookingViewControllerSpec.mm; sourceTree = "<group>"; };
		D45CE8ED1D39706400132ED3 /* BookingService.h */ = {isa = PBXFileReference; fileEncoding = 4; lastKnownFileType = sourcecode.c.h; path = BookingService.h; sourceTree = "<group>"; };
		D45CE8EE1D39706400132ED3 /* BookingService.m */ = {isa = PBXFileReference; fileEncoding = 4; lastKnownFileType = sourcecode.c.objc; path = BookingService.m; sourceTree = "<group>"; };
		D45CE8F01D3970FB00132ED3 /* BookingServiceSpec.mm */ = {isa = PBXFileReference; fileEncoding = 4; lastKnownFileType = sourcecode.cpp.objcpp; path = BookingServiceSpec.mm; sourceTree = "<group>"; };
		D49F304F1D3D076300382F5C /* JabApiManager.h */ = {isa = PBXFileReference; fileEncoding = 4; lastKnownFileType = sourcecode.c.h; path = JabApiManager.h; sourceTree = "<group>"; };
		D49F30501D3D076300382F5C /* JabApiManager.m */ = {isa = PBXFileReference; fileEncoding = 4; lastKnownFileType = sourcecode.c.objc; path = JabApiManager.m; sourceTree = "<group>"; };
		D49F30541D3D610400382F5C /* Booking.h */ = {isa = PBXFileReference; fileEncoding = 4; lastKnownFileType = sourcecode.c.h; path = Booking.h; sourceTree = "<group>"; };
		D49F30551D3D610400382F5C /* Booking.m */ = {isa = PBXFileReference; fileEncoding = 4; lastKnownFileType = sourcecode.c.objc; path = Booking.m; sourceTree = "<group>"; };
		D49F30571D3D613900382F5C /* BookingSpec.mm */ = {isa = PBXFileReference; fileEncoding = 4; lastKnownFileType = sourcecode.cpp.objcpp; path = BookingSpec.mm; sourceTree = "<group>"; };
		D49F30591D3D672C00382F5C /* Customer.h */ = {isa = PBXFileReference; fileEncoding = 4; lastKnownFileType = sourcecode.c.h; path = Customer.h; sourceTree = "<group>"; };
		D49F305A1D3D672C00382F5C /* Customer.m */ = {isa = PBXFileReference; fileEncoding = 4; lastKnownFileType = sourcecode.c.objc; path = Customer.m; sourceTree = "<group>"; };
		D49F305C1D3D673A00382F5C /* Adventure.h */ = {isa = PBXFileReference; fileEncoding = 4; lastKnownFileType = sourcecode.c.h; path = Adventure.h; sourceTree = "<group>"; };
		D49F305D1D3D673A00382F5C /* Adventure.m */ = {isa = PBXFileReference; fileEncoding = 4; lastKnownFileType = sourcecode.c.objc; path = Adventure.m; sourceTree = "<group>"; };
		D49F305F1D3D674900382F5C /* Flight.h */ = {isa = PBXFileReference; fileEncoding = 4; lastKnownFileType = sourcecode.c.h; path = Flight.h; sourceTree = "<group>"; };
		D49F30601D3D674900382F5C /* Flight.m */ = {isa = PBXFileReference; fileEncoding = 4; lastKnownFileType = sourcecode.c.objc; path = Flight.m; sourceTree = "<group>"; };
		D49F30621D3E5AB200382F5C /* CustomerSpec.mm */ = {isa = PBXFileReference; fileEncoding = 4; lastKnownFileType = sourcecode.cpp.objcpp; path = CustomerSpec.mm; sourceTree = "<group>"; };
		D49F30641D3E66AE00382F5C /* AdventureSpec.mm */ = {isa = PBXFileReference; fileEncoding = 4; lastKnownFileType = sourcecode.cpp.objcpp; path = AdventureSpec.mm; sourceTree = "<group>"; };
		D49F30661D3E6A6000382F5C /* FlightSpec.mm */ = {isa = PBXFileReference; fileEncoding = 4; lastKnownFileType = sourcecode.cpp.objcpp; path = FlightSpec.mm; sourceTree = "<group>"; };
		FF2B928207F2EB2C444B58D8 /* Pods-AdventureBuilder.debug.xcconfig */ = {isa = PBXFileReference; includeInIndex = 1; lastKnownFileType = text.xcconfig; name = "Pods-AdventureBuilder.debug.xcconfig"; path = "Pods/Target Support Files/Pods-AdventureBuilder/Pods-AdventureBuilder.debug.xcconfig"; sourceTree = "<group>"; };
/* End PBXFileReference section */

/* Begin PBXFrameworksBuildPhase section */
		D45057361D33E15100AC630E /* Frameworks */ = {
			isa = PBXFrameworksBuildPhase;
			buildActionMask = 2147483647;
			files = (
				8C5D08F393D75FE466A98597 /* libPods-AdventureBuilder.a in Frameworks */,
			);
			runOnlyForDeploymentPostprocessing = 0;
		};
		D450574F1D33E15100AC630E /* Frameworks */ = {
			isa = PBXFrameworksBuildPhase;
			buildActionMask = 2147483647;
			files = (
				3496328667F7ACD9A1AB2408 /* libPods-AdventureBuilderTests.a in Frameworks */,
			);
			runOnlyForDeploymentPostprocessing = 0;
		};
		D450575A1D33E15100AC630E /* Frameworks */ = {
			isa = PBXFrameworksBuildPhase;
			buildActionMask = 2147483647;
			files = (
				2469E3872DD8B9B845FA5D46 /* libPods-AdventureBuilderUITests.a in Frameworks */,
			);
			runOnlyForDeploymentPostprocessing = 0;
		};
/* End PBXFrameworksBuildPhase section */

/* Begin PBXGroup section */
		376E5ABCDE741A88AB8E364A /* Frameworks */ = {
			isa = PBXGroup;
			children = (
				97C1EBF18636711E5229A898 /* libPods-AdventureBuilder.a */,
				3B3EE31C21E7504B8F974CD5 /* libPods-AdventureBuilderTests.a */,
				355655D15C5F9568C0838655 /* libPods-AdventureBuilderUITests.a */,
			);
			name = Frameworks;
			sourceTree = "<group>";
		};
		3BFC9703B75ED6A0B653D354 /* Pods */ = {
			isa = PBXGroup;
			children = (
				FF2B928207F2EB2C444B58D8 /* Pods-AdventureBuilder.debug.xcconfig */,
				6F000A1220A730D0B5BAB9FC /* Pods-AdventureBuilder.release.xcconfig */,
				7513C79C360E229E8A096D9F /* Pods-AdventureBuilderTests.debug.xcconfig */,
				4F05FA04CE31C542BD3C923E /* Pods-AdventureBuilderTests.release.xcconfig */,
				0766FD7211ECB8317AABEB36 /* Pods-AdventureBuilderUITests.debug.xcconfig */,
				57A57DDB24DA7A7BE50217CA /* Pods-AdventureBuilderUITests.release.xcconfig */,
			);
			name = Pods;
			sourceTree = "<group>";
		};
		D44860021D3FC73F001A2FDF /* Controllers */ = {
			isa = PBXGroup;
			children = (
				D4485FFF1D3FC6A2001A2FDF /* EnterCustomerInformationViewController.h */,
				D44860001D3FC6A2001A2FDF /* EnterCustomerInformationViewController.m */,
				D44860051D3FFE2C001A2FDF /* SelectAdventureViewController.h */,
				D44860061D3FFE2C001A2FDF /* SelectAdventureViewController.m */,
				D45CE8E21D3818F400132ED3 /* ListBookingViewController.h */,
				D45CE8E31D3818F400132ED3 /* ListBookingViewController.m */,
				D44860081D3FFF7D001A2FDF /* SelectBookingOptionsViewController.h */,
				D44860091D3FFF7D001A2FDF /* SelectBookingOptionsViewController.m */,
				D448600B1D40031A001A2FDF /* SelectDepartingFlightViewController.h */,
				D448600C1D40031A001A2FDF /* SelectDepartingFlightViewController.m */,
				D448600E1D400591001A2FDF /* SelectReturningFlightViewController.h */,
				D448600F1D400591001A2FDF /* SelectReturningFlightViewController.m */,
				D44860111D400706001A2FDF /* ReviewBookingDetailsViewController.h */,
				D44860121D400706001A2FDF /* ReviewBookingDetailsViewController.m */,
			);
			name = Controllers;
			sourceTree = "<group>";
		};
		D44860031D3FC760001A2FDF /* Storyboards */ = {
			isa = PBXGroup;
			children = (
				D45057451D33E15100AC630E /* Main.storyboard */,
				D4485FFC1D3FB844001A2FDF /* AddBooking.storyboard */,
				D450574A1D33E15100AC630E /* LaunchScreen.storyboard */,
			);
			name = Storyboards;
			sourceTree = "<group>";
		};
		D44860041D3FC784001A2FDF /* Controllers */ = {
			isa = PBXGroup;
			children = (
				D45CE8EB1D381C1F00132ED3 /* ListBookingViewControllerSpec.mm */,
			);
			name = Controllers;
			sourceTree = "<group>";
		};
		D45057301D33E15100AC630E = {
			isa = PBXGroup;
			children = (
				D450573B1D33E15100AC630E /* AdventureBuilder */,
				D45057551D33E15100AC630E /* AdventureBuilderTests */,
				D45057601D33E15100AC630E /* AdventureBuilderUITests */,
				D450573A1D33E15100AC630E /* Products */,
				3BFC9703B75ED6A0B653D354 /* Pods */,
				376E5ABCDE741A88AB8E364A /* Frameworks */,
			);
			sourceTree = "<group>";
		};
		D450573A1D33E15100AC630E /* Products */ = {
			isa = PBXGroup;
			children = (
				D45057391D33E15100AC630E /* AdventureBuilder.app */,
				D45057521D33E15100AC630E /* AdventureBuilderTests.xctest */,
				D450575D1D33E15100AC630E /* AdventureBuilderUITests.xctest */,
			);
			name = Products;
			sourceTree = "<group>";
		};
		D450573B1D33E15100AC630E /* AdventureBuilder */ = {
			isa = PBXGroup;
			children = (
				D450573C1D33E15100AC630E /* Supporting Files */,
				D44860031D3FC760001A2FDF /* Storyboards */,
				D44860021D3FC73F001A2FDF /* Controllers */,
				D49F30531D3D60FA00382F5C /* Models */,
				D49F30521D3D23B900382F5C /* API */,
				D450573F1D33E15100AC630E /* AppDelegate.h */,
				D45057401D33E15100AC630E /* AppDelegate.m */,
				D45057481D33E15100AC630E /* Assets.xcassets */,
				D450574D1D33E15100AC630E /* Info.plist */,
			);
			path = AdventureBuilder;
			sourceTree = "<group>";
		};
		D450573C1D33E15100AC630E /* Supporting Files */ = {
			isa = PBXGroup;
			children = (
				D450573D1D33E15100AC630E /* main.m */,
				D44860141D410B89001A2FDF /* JabUIStoryboard.h */,
				D44860151D410B89001A2FDF /* JabUIStoryboard.m */,
				D44860171D414A7B001A2FDF /* JabUIStoryboardSegue.h */,
				D44860181D414A7B001A2FDF /* JabUIStoryboardSegue.m */,
			);
			name = "Supporting Files";
			sourceTree = "<group>";
		};
		D45057551D33E15100AC630E /* AdventureBuilderTests */ = {
			isa = PBXGroup;
			children = (
				D44860041D3FC784001A2FDF /* Controllers */,
				D49F30691D3E810900382F5C /* API */,
				D49F30681D3E6B6400382F5C /* Models */,
				D45057711D3412BF00AC630E /* Info.plist */,
				D450576F1D3410BA00AC630E /* AppDelegateSpec.mm */,
			);
			path = AdventureBuilderTests;
			sourceTree = "<group>";
		};
		D45057601D33E15100AC630E /* AdventureBuilderUITests */ = {
			isa = PBXGroup;
			children = (
				D45057731D3412C700AC630E /* Info.plist */,
			);
			path = AdventureBuilderUITests;
			sourceTree = "<group>";
		};
		D49F30521D3D23B900382F5C /* API */ = {
			isa = PBXGroup;
			children = (
				D45CE8ED1D39706400132ED3 /* BookingService.h */,
				D45CE8EE1D39706400132ED3 /* BookingService.m */,
				D49F304F1D3D076300382F5C /* JabApiManager.h */,
				D49F30501D3D076300382F5C /* JabApiManager.m */,
			);
			name = API;
			sourceTree = "<group>";
		};
		D49F30531D3D60FA00382F5C /* Models */ = {
			isa = PBXGroup;
			children = (
				D49F30541D3D610400382F5C /* Booking.h */,
				D49F30551D3D610400382F5C /* Booking.m */,
				D49F30591D3D672C00382F5C /* Customer.h */,
				D49F305A1D3D672C00382F5C /* Customer.m */,
				D49F305C1D3D673A00382F5C /* Adventure.h */,
				D49F305D1D3D673A00382F5C /* Adventure.m */,
				D49F305F1D3D674900382F5C /* Flight.h */,
				D49F30601D3D674900382F5C /* Flight.m */,
			);
			name = Models;
			sourceTree = "<group>";
		};
		D49F30681D3E6B6400382F5C /* Models */ = {
			isa = PBXGroup;
			children = (
				D49F30571D3D613900382F5C /* BookingSpec.mm */,
				D49F30621D3E5AB200382F5C /* CustomerSpec.mm */,
				D49F30641D3E66AE00382F5C /* AdventureSpec.mm */,
				D49F30661D3E6A6000382F5C /* FlightSpec.mm */,
			);
			name = Models;
			sourceTree = "<group>";
		};
		D49F30691D3E810900382F5C /* API */ = {
			isa = PBXGroup;
			children = (
				D45CE8F01D3970FB00132ED3 /* BookingServiceSpec.mm */,
			);
			name = API;
			sourceTree = "<group>";
		};
/* End PBXGroup section */

/* Begin PBXNativeTarget section */
		D45057381D33E15100AC630E /* AdventureBuilder */ = {
			isa = PBXNativeTarget;
			buildConfigurationList = D45057661D33E15100AC630E /* Build configuration list for PBXNativeTarget "AdventureBuilder" */;
			buildPhases = (
				E070971DFB536B6D1AB314D6 /* [CP] Check Pods Manifest.lock */,
				D45057351D33E15100AC630E /* Sources */,
				D45057361D33E15100AC630E /* Frameworks */,
				D45057371D33E15100AC630E /* Resources */,
				22481B28642E29640C381568 /* [CP] Embed Pods Frameworks */,
				A474B2A6AC582DE12FF46B5C /* [CP] Copy Pods Resources */,
			);
			buildRules = (
			);
			dependencies = (
			);
			name = AdventureBuilder;
			productName = AdventureBuilder;
			productReference = D45057391D33E15100AC630E /* AdventureBuilder.app */;
			productType = "com.apple.product-type.application";
		};
		D45057511D33E15100AC630E /* AdventureBuilderTests */ = {
			isa = PBXNativeTarget;
			buildConfigurationList = D45057691D33E15100AC630E /* Build configuration list for PBXNativeTarget "AdventureBuilderTests" */;
			buildPhases = (
				1D966B8FDA8AA8672F2A979E /* [CP] Check Pods Manifest.lock */,
				D450574E1D33E15100AC630E /* Sources */,
				D450574F1D33E15100AC630E /* Frameworks */,
				D45057501D33E15100AC630E /* Resources */,
				FC5243190A1E032495B4944E /* [CP] Embed Pods Frameworks */,
				60525055E80F0731F2A69A51 /* [CP] Copy Pods Resources */,
			);
			buildRules = (
			);
			dependencies = (
				D45057541D33E15100AC630E /* PBXTargetDependency */,
			);
			name = AdventureBuilderTests;
			productName = AdventureBuilderTests;
			productReference = D45057521D33E15100AC630E /* AdventureBuilderTests.xctest */;
			productType = "com.apple.product-type.bundle.unit-test";
		};
		D450575C1D33E15100AC630E /* AdventureBuilderUITests */ = {
			isa = PBXNativeTarget;
			buildConfigurationList = D450576C1D33E15100AC630E /* Build configuration list for PBXNativeTarget "AdventureBuilderUITests" */;
			buildPhases = (
				62D9C7FA7D14819DB716A350 /* [CP] Check Pods Manifest.lock */,
				D45057591D33E15100AC630E /* Sources */,
				D450575A1D33E15100AC630E /* Frameworks */,
				D450575B1D33E15100AC630E /* Resources */,
				ED62FCC63AF3A7CEE07A00DF /* [CP] Copy Pods Resources */,
			);
			buildRules = (
			);
			dependencies = (
				D450575F1D33E15100AC630E /* PBXTargetDependency */,
			);
			name = AdventureBuilderUITests;
			productName = AdventureBuilderUITests;
			productReference = D450575D1D33E15100AC630E /* AdventureBuilderUITests.xctest */;
			productType = "com.apple.product-type.bundle.ui-testing";
		};
/* End PBXNativeTarget section */

/* Begin PBXProject section */
		D45057311D33E15100AC630E /* Project object */ = {
			isa = PBXProject;
			attributes = {
				LastUpgradeCheck = 0730;
				ORGANIZATIONNAME = DetroitLabs;
				TargetAttributes = {
					D45057381D33E15100AC630E = {
						CreatedOnToolsVersion = 7.3.1;
						DevelopmentTeam = 39492NM82N;
					};
					D45057511D33E15100AC630E = {
						CreatedOnToolsVersion = 7.3.1;
						DevelopmentTeam = 39492NM82N;
						TestTargetID = D45057381D33E15100AC630E;
					};
					D450575C1D33E15100AC630E = {
						CreatedOnToolsVersion = 7.3.1;
						DevelopmentTeam = 39492NM82N;
						TestTargetID = D45057381D33E15100AC630E;
					};
				};
			};
			buildConfigurationList = D45057341D33E15100AC630E /* Build configuration list for PBXProject "AdventureBuilder" */;
			compatibilityVersion = "Xcode 3.2";
			developmentRegion = English;
			hasScannedForEncodings = 0;
			knownRegions = (
				en,
				Base,
			);
			mainGroup = D45057301D33E15100AC630E;
			productRefGroup = D450573A1D33E15100AC630E /* Products */;
			projectDirPath = "";
			projectRoot = "";
			targets = (
				D45057381D33E15100AC630E /* AdventureBuilder */,
				D45057511D33E15100AC630E /* AdventureBuilderTests */,
				D450575C1D33E15100AC630E /* AdventureBuilderUITests */,
			);
		};
/* End PBXProject section */

/* Begin PBXResourcesBuildPhase section */
		D45057371D33E15100AC630E /* Resources */ = {
			isa = PBXResourcesBuildPhase;
			buildActionMask = 2147483647;
			files = (
				D450574C1D33E15100AC630E /* LaunchScreen.storyboard in Resources */,
				D45057491D33E15100AC630E /* Assets.xcassets in Resources */,
				D4485FFE1D3FB844001A2FDF /* AddBooking.storyboard in Resources */,
				D45057471D33E15100AC630E /* Main.storyboard in Resources */,
			);
			runOnlyForDeploymentPostprocessing = 0;
		};
		D45057501D33E15100AC630E /* Resources */ = {
			isa = PBXResourcesBuildPhase;
			buildActionMask = 2147483647;
			files = (
				D45057721D3412BF00AC630E /* Info.plist in Resources */,
			);
			runOnlyForDeploymentPostprocessing = 0;
		};
		D450575B1D33E15100AC630E /* Resources */ = {
			isa = PBXResourcesBuildPhase;
			buildActionMask = 2147483647;
			files = (
				D45057741D3412C700AC630E /* Info.plist in Resources */,
			);
			runOnlyForDeploymentPostprocessing = 0;
		};
/* End PBXResourcesBuildPhase section */

/* Begin PBXShellScriptBuildPhase section */
		1D966B8FDA8AA8672F2A979E /* [CP] Check Pods Manifest.lock */ = {
			isa = PBXShellScriptBuildPhase;
			buildActionMask = 2147483647;
			files = (
			);
			inputPaths = (
			);
			name = "[CP] Check Pods Manifest.lock";
			outputPaths = (
			);
			runOnlyForDeploymentPostprocessing = 0;
			shellPath = /bin/sh;
			shellScript = "diff \"${PODS_ROOT}/../Podfile.lock\" \"${PODS_ROOT}/Manifest.lock\" > /dev/null\nif [[ $? != 0 ]] ; then\n    cat << EOM\nerror: The sandbox is not in sync with the Podfile.lock. Run 'pod install' or update your CocoaPods installation.\nEOM\n    exit 1\nfi\n";
			showEnvVarsInLog = 0;
		};
		22481B28642E29640C381568 /* [CP] Embed Pods Frameworks */ = {
			isa = PBXShellScriptBuildPhase;
			buildActionMask = 2147483647;
			files = (
			);
			inputPaths = (
			);
			name = "[CP] Embed Pods Frameworks";
			outputPaths = (
			);
			runOnlyForDeploymentPostprocessing = 0;
			shellPath = /bin/sh;
			shellScript = "\"${SRCROOT}/Pods/Target Support Files/Pods-AdventureBuilder/Pods-AdventureBuilder-frameworks.sh\"\n";
			showEnvVarsInLog = 0;
		};
		60525055E80F0731F2A69A51 /* [CP] Copy Pods Resources */ = {
			isa = PBXShellScriptBuildPhase;
			buildActionMask = 2147483647;
			files = (
			);
			inputPaths = (
			);
			name = "[CP] Copy Pods Resources";
			outputPaths = (
			);
			runOnlyForDeploymentPostprocessing = 0;
			shellPath = /bin/sh;
			shellScript = "\"${SRCROOT}/Pods/Target Support Files/Pods-AdventureBuilderTests/Pods-AdventureBuilderTests-resources.sh\"\n";
			showEnvVarsInLog = 0;
		};
		62D9C7FA7D14819DB716A350 /* [CP] Check Pods Manifest.lock */ = {
			isa = PBXShellScriptBuildPhase;
			buildActionMask = 2147483647;
			files = (
			);
			inputPaths = (
			);
			name = "[CP] Check Pods Manifest.lock";
			outputPaths = (
			);
			runOnlyForDeploymentPostprocessing = 0;
			shellPath = /bin/sh;
			shellScript = "diff \"${PODS_ROOT}/../Podfile.lock\" \"${PODS_ROOT}/Manifest.lock\" > /dev/null\nif [[ $? != 0 ]] ; then\n    cat << EOM\nerror: The sandbox is not in sync with the Podfile.lock. Run 'pod install' or update your CocoaPods installation.\nEOM\n    exit 1\nfi\n";
			showEnvVarsInLog = 0;
		};
		A474B2A6AC582DE12FF46B5C /* [CP] Copy Pods Resources */ = {
			isa = PBXShellScriptBuildPhase;
			buildActionMask = 2147483647;
			files = (
			);
			inputPaths = (
			);
			name = "[CP] Copy Pods Resources";
			outputPaths = (
			);
			runOnlyForDeploymentPostprocessing = 0;
			shellPath = /bin/sh;
			shellScript = "\"${SRCROOT}/Pods/Target Support Files/Pods-AdventureBuilder/Pods-AdventureBuilder-resources.sh\"\n";
			showEnvVarsInLog = 0;
		};
		E070971DFB536B6D1AB314D6 /* [CP] Check Pods Manifest.lock */ = {
			isa = PBXShellScriptBuildPhase;
			buildActionMask = 2147483647;
			files = (
			);
			inputPaths = (
			);
			name = "[CP] Check Pods Manifest.lock";
			outputPaths = (
			);
			runOnlyForDeploymentPostprocessing = 0;
			shellPath = /bin/sh;
			shellScript = "diff \"${PODS_ROOT}/../Podfile.lock\" \"${PODS_ROOT}/Manifest.lock\" > /dev/null\nif [[ $? != 0 ]] ; then\n    cat << EOM\nerror: The sandbox is not in sync with the Podfile.lock. Run 'pod install' or update your CocoaPods installation.\nEOM\n    exit 1\nfi\n";
			showEnvVarsInLog = 0;
		};
		ED62FCC63AF3A7CEE07A00DF /* [CP] Copy Pods Resources */ = {
			isa = PBXShellScriptBuildPhase;
			buildActionMask = 2147483647;
			files = (
			);
			inputPaths = (
			);
			name = "[CP] Copy Pods Resources";
			outputPaths = (
			);
			runOnlyForDeploymentPostprocessing = 0;
			shellPath = /bin/sh;
			shellScript = "\"${SRCROOT}/Pods/Target Support Files/Pods-AdventureBuilderUITests/Pods-AdventureBuilderUITests-resources.sh\"\n";
			showEnvVarsInLog = 0;
		};
		FC5243190A1E032495B4944E /* [CP] Embed Pods Frameworks */ = {
			isa = PBXShellScriptBuildPhase;
			buildActionMask = 2147483647;
			files = (
			);
			inputPaths = (
			);
			name = "[CP] Embed Pods Frameworks";
			outputPaths = (
			);
			runOnlyForDeploymentPostprocessing = 0;
			shellPath = /bin/sh;
			shellScript = "\"${SRCROOT}/Pods/Target Support Files/Pods-AdventureBuilderTests/Pods-AdventureBuilderTests-frameworks.sh\"\n";
			showEnvVarsInLog = 0;
		};
/* End PBXShellScriptBuildPhase section */

/* Begin PBXSourcesBuildPhase section */
		D45057351D33E15100AC630E /* Sources */ = {
			isa = PBXSourcesBuildPhase;
			buildActionMask = 2147483647;
			files = (
				D44860161D410B89001A2FDF /* JabUIStoryboard.m in Sources */,
				D49F30511D3D076300382F5C /* JabApiManager.m in Sources */,
				D45057411D33E15100AC630E /* AppDelegate.m in Sources */,
				D45CE8EF1D39706400132ED3 /* BookingService.m in Sources */,
				D448600A1D3FFF7D001A2FDF /* SelectBookingOptionsViewController.m in Sources */,
				D49F30561D3D610400382F5C /* Booking.m in Sources */,
				D44860191D414A7B001A2FDF /* JabUIStoryboardSegue.m in Sources */,
				D448600D1D40031A001A2FDF /* SelectDepartingFlightViewController.m in Sources */,
				D44860131D400706001A2FDF /* ReviewBookingDetailsViewController.m in Sources */,
				D49F305E1D3D673A00382F5C /* Adventure.m in Sources */,
				D450573E1D33E15100AC630E /* main.m in Sources */,
				D44860011D3FC6A2001A2FDF /* EnterCustomerInformationViewController.m in Sources */,
				D45CE8E41D3818F400132ED3 /* ListBookingViewController.m in Sources */,
				D49F305B1D3D672C00382F5C /* Customer.m in Sources */,
				D44860101D400591001A2FDF /* SelectReturningFlightViewController.m in Sources */,
				D44860071D3FFE2C001A2FDF /* SelectAdventureViewController.m in Sources */,
				D49F30611D3D674900382F5C /* Flight.m in Sources */,
			);
			runOnlyForDeploymentPostprocessing = 0;
		};
		D450574E1D33E15100AC630E /* Sources */ = {
			isa = PBXSourcesBuildPhase;
			buildActionMask = 2147483647;
			files = (
				D45CE8E51D3818F400132ED3 /* ListBookingViewController.m in Sources */,
				D45057701D3410BA00AC630E /* AppDelegateSpec.mm in Sources */,
				D49F30651D3E66AE00382F5C /* AdventureSpec.mm in Sources */,
				D49F30631D3E5AB200382F5C /* CustomerSpec.mm in Sources */,
				D49F30581D3D613900382F5C /* BookingSpec.mm in Sources */,
				D45CE8F11D3970FB00132ED3 /* BookingServiceSpec.mm in Sources */,
				D49F30671D3E6A6000382F5C /* FlightSpec.mm in Sources */,
				D45CE8EC1D381C1F00132ED3 /* ListBookingViewControllerSpec.mm in Sources */,
			);
			runOnlyForDeploymentPostprocessing = 0;
		};
		D45057591D33E15100AC630E /* Sources */ = {
			isa = PBXSourcesBuildPhase;
			buildActionMask = 2147483647;
			files = (
			);
			runOnlyForDeploymentPostprocessing = 0;
		};
/* End PBXSourcesBuildPhase section */

/* Begin PBXTargetDependency section */
		D45057541D33E15100AC630E /* PBXTargetDependency */ = {
			isa = PBXTargetDependency;
			target = D45057381D33E15100AC630E /* AdventureBuilder */;
			targetProxy = D45057531D33E15100AC630E /* PBXContainerItemProxy */;
		};
		D450575F1D33E15100AC630E /* PBXTargetDependency */ = {
			isa = PBXTargetDependency;
			target = D45057381D33E15100AC630E /* AdventureBuilder */;
			targetProxy = D450575E1D33E15100AC630E /* PBXContainerItemProxy */;
		};
/* End PBXTargetDependency section */

/* Begin PBXVariantGroup section */
		D4485FFC1D3FB844001A2FDF /* AddBooking.storyboard */ = {
			isa = PBXVariantGroup;
			children = (
				D4485FFD1D3FB844001A2FDF /* Base */,
			);
			name = AddBooking.storyboard;
			sourceTree = "<group>";
		};
		D45057451D33E15100AC630E /* Main.storyboard */ = {
			isa = PBXVariantGroup;
			children = (
				D45057461D33E15100AC630E /* Base */,
			);
			name = Main.storyboard;
			sourceTree = "<group>";
		};
		D450574A1D33E15100AC630E /* LaunchScreen.storyboard */ = {
			isa = PBXVariantGroup;
			children = (
				D450574B1D33E15100AC630E /* Base */,
			);
			name = LaunchScreen.storyboard;
			sourceTree = "<group>";
		};
/* End PBXVariantGroup section */

/* Begin XCBuildConfiguration section */
		D45057641D33E15100AC630E /* Debug */ = {
			isa = XCBuildConfiguration;
			buildSettings = {
				ALWAYS_SEARCH_USER_PATHS = NO;
				CLANG_ANALYZER_NONNULL = YES;
				CLANG_CXX_LANGUAGE_STANDARD = "gnu++0x";
				CLANG_CXX_LIBRARY = "libc++";
				CLANG_ENABLE_MODULES = YES;
				CLANG_ENABLE_OBJC_ARC = YES;
				CLANG_WARN_BOOL_CONVERSION = YES;
				CLANG_WARN_CONSTANT_CONVERSION = YES;
				CLANG_WARN_DIRECT_OBJC_ISA_USAGE = YES_ERROR;
				CLANG_WARN_EMPTY_BODY = YES;
				CLANG_WARN_ENUM_CONVERSION = YES;
				CLANG_WARN_INT_CONVERSION = YES;
				CLANG_WARN_OBJC_ROOT_CLASS = YES_ERROR;
				CLANG_WARN_UNREACHABLE_CODE = YES;
				CLANG_WARN__DUPLICATE_METHOD_MATCH = YES;
				"CODE_SIGN_IDENTITY[sdk=iphoneos*]" = "iPhone Developer";
				COPY_PHASE_STRIP = NO;
				DEBUG_INFORMATION_FORMAT = dwarf;
				ENABLE_STRICT_OBJC_MSGSEND = YES;
				ENABLE_TESTABILITY = YES;
				GCC_C_LANGUAGE_STANDARD = gnu99;
				GCC_DYNAMIC_NO_PIC = NO;
				GCC_NO_COMMON_BLOCKS = YES;
				GCC_OPTIMIZATION_LEVEL = 0;
				GCC_PREPROCESSOR_DEFINITIONS = (
					"DEBUG=1",
					"$(inherited)",
				);
				GCC_WARN_64_TO_32_BIT_CONVERSION = YES;
				GCC_WARN_ABOUT_RETURN_TYPE = YES_ERROR;
				GCC_WARN_UNDECLARED_SELECTOR = YES;
				GCC_WARN_UNINITIALIZED_AUTOS = YES_AGGRESSIVE;
				GCC_WARN_UNUSED_FUNCTION = YES;
				GCC_WARN_UNUSED_VARIABLE = YES;
				IPHONEOS_DEPLOYMENT_TARGET = 9.3;
				MTL_ENABLE_DEBUG_INFO = YES;
				ONLY_ACTIVE_ARCH = YES;
				SDKROOT = iphoneos;
			};
			name = Debug;
		};
		D45057651D33E15100AC630E /* Release */ = {
			isa = XCBuildConfiguration;
			buildSettings = {
				ALWAYS_SEARCH_USER_PATHS = NO;
				CLANG_ANALYZER_NONNULL = YES;
				CLANG_CXX_LANGUAGE_STANDARD = "gnu++0x";
				CLANG_CXX_LIBRARY = "libc++";
				CLANG_ENABLE_MODULES = YES;
				CLANG_ENABLE_OBJC_ARC = YES;
				CLANG_WARN_BOOL_CONVERSION = YES;
				CLANG_WARN_CONSTANT_CONVERSION = YES;
				CLANG_WARN_DIRECT_OBJC_ISA_USAGE = YES_ERROR;
				CLANG_WARN_EMPTY_BODY = YES;
				CLANG_WARN_ENUM_CONVERSION = YES;
				CLANG_WARN_INT_CONVERSION = YES;
				CLANG_WARN_OBJC_ROOT_CLASS = YES_ERROR;
				CLANG_WARN_UNREACHABLE_CODE = YES;
				CLANG_WARN__DUPLICATE_METHOD_MATCH = YES;
				"CODE_SIGN_IDENTITY[sdk=iphoneos*]" = "iPhone Developer";
				COPY_PHASE_STRIP = NO;
				DEBUG_INFORMATION_FORMAT = "dwarf-with-dsym";
				ENABLE_NS_ASSERTIONS = NO;
				ENABLE_STRICT_OBJC_MSGSEND = YES;
				GCC_C_LANGUAGE_STANDARD = gnu99;
				GCC_NO_COMMON_BLOCKS = YES;
				GCC_WARN_64_TO_32_BIT_CONVERSION = YES;
				GCC_WARN_ABOUT_RETURN_TYPE = YES_ERROR;
				GCC_WARN_UNDECLARED_SELECTOR = YES;
				GCC_WARN_UNINITIALIZED_AUTOS = YES_AGGRESSIVE;
				GCC_WARN_UNUSED_FUNCTION = YES;
				GCC_WARN_UNUSED_VARIABLE = YES;
				IPHONEOS_DEPLOYMENT_TARGET = 9.3;
				MTL_ENABLE_DEBUG_INFO = NO;
				SDKROOT = iphoneos;
				VALIDATE_PRODUCT = YES;
			};
			name = Release;
		};
		D45057671D33E15100AC630E /* Debug */ = {
			isa = XCBuildConfiguration;
			baseConfigurationReference = FF2B928207F2EB2C444B58D8 /* Pods-AdventureBuilder.debug.xcconfig */;
			buildSettings = {
				ASSETCATALOG_COMPILER_APPICON_NAME = AppIcon;
				INFOPLIST_FILE = AdventureBuilder/Info.plist;
				LD_RUNPATH_SEARCH_PATHS = "$(inherited) @executable_path/Frameworks";
				PRODUCT_BUNDLE_IDENTIFIER = com.detroitlabs.AdventureBuilder;
				PRODUCT_NAME = "$(TARGET_NAME)";
			};
			name = Debug;
		};
		D45057681D33E15100AC630E /* Release */ = {
			isa = XCBuildConfiguration;
			baseConfigurationReference = 6F000A1220A730D0B5BAB9FC /* Pods-AdventureBuilder.release.xcconfig */;
			buildSettings = {
				ASSETCATALOG_COMPILER_APPICON_NAME = AppIcon;
				INFOPLIST_FILE = AdventureBuilder/Info.plist;
				LD_RUNPATH_SEARCH_PATHS = "$(inherited) @executable_path/Frameworks";
				PRODUCT_BUNDLE_IDENTIFIER = com.detroitlabs.AdventureBuilder;
				PRODUCT_NAME = "$(TARGET_NAME)";
			};
			name = Release;
		};
		D450576A1D33E15100AC630E /* Debug */ = {
			isa = XCBuildConfiguration;
			baseConfigurationReference = 7513C79C360E229E8A096D9F /* Pods-AdventureBuilderTests.debug.xcconfig */;
			buildSettings = {
				BUNDLE_LOADER = "$(TEST_HOST)";
				INFOPLIST_FILE = AdventureBuilderTests/Info.plist;
				LD_RUNPATH_SEARCH_PATHS = "$(inherited) @executable_path/Frameworks @loader_path/Frameworks";
				PRODUCT_BUNDLE_IDENTIFIER = com.detroitlabs.AdventureBuilderTests;
				PRODUCT_NAME = "$(TARGET_NAME)";
				TEST_HOST = "$(BUILT_PRODUCTS_DIR)/AdventureBuilder.app/AdventureBuilder";
			};
			name = Debug;
		};
		D450576B1D33E15100AC630E /* Release */ = {
			isa = XCBuildConfiguration;
			baseConfigurationReference = 4F05FA04CE31C542BD3C923E /* Pods-AdventureBuilderTests.release.xcconfig */;
			buildSettings = {
				BUNDLE_LOADER = "$(TEST_HOST)";
				INFOPLIST_FILE = AdventureBuilderTests/Info.plist;
				LD_RUNPATH_SEARCH_PATHS = "$(inherited) @executable_path/Frameworks @loader_path/Frameworks";
				PRODUCT_BUNDLE_IDENTIFIER = com.detroitlabs.AdventureBuilderTests;
				PRODUCT_NAME = "$(TARGET_NAME)";
				TEST_HOST = "$(BUILT_PRODUCTS_DIR)/AdventureBuilder.app/AdventureBuilder";
			};
			name = Release;
		};
		D450576D1D33E15100AC630E /* Debug */ = {
			isa = XCBuildConfiguration;
			baseConfigurationReference = 0766FD7211ECB8317AABEB36 /* Pods-AdventureBuilderUITests.debug.xcconfig */;
			buildSettings = {
				INFOPLIST_FILE = AdventureBuilderUITests/Info.plist;
				LD_RUNPATH_SEARCH_PATHS = "$(inherited) @executable_path/Frameworks @loader_path/Frameworks";
				PRODUCT_BUNDLE_IDENTIFIER = com.detroitlabs.AdventureBuilderUITests;
				PRODUCT_NAME = "$(TARGET_NAME)";
				TEST_TARGET_NAME = AdventureBuilder;
			};
			name = Debug;
		};
		D450576E1D33E15100AC630E /* Release */ = {
			isa = XCBuildConfiguration;
			baseConfigurationReference = 57A57DDB24DA7A7BE50217CA /* Pods-AdventureBuilderUITests.release.xcconfig */;
			buildSettings = {
				INFOPLIST_FILE = AdventureBuilderUITests/Info.plist;
				LD_RUNPATH_SEARCH_PATHS = "$(inherited) @executable_path/Frameworks @loader_path/Frameworks";
				PRODUCT_BUNDLE_IDENTIFIER = com.detroitlabs.AdventureBuilderUITests;
				PRODUCT_NAME = "$(TARGET_NAME)";
				TEST_TARGET_NAME = AdventureBuilder;
			};
			name = Release;
		};
/* End XCBuildConfiguration section */

/* Begin XCConfigurationList section */
		D45057341D33E15100AC630E /* Build configuration list for PBXProject "AdventureBuilder" */ = {
			isa = XCConfigurationList;
			buildConfigurations = (
				D45057641D33E15100AC630E /* Debug */,
				D45057651D33E15100AC630E /* Release */,
			);
			defaultConfigurationIsVisible = 0;
			defaultConfigurationName = Release;
		};
		D45057661D33E15100AC630E /* Build configuration list for PBXNativeTarget "AdventureBuilder" */ = {
			isa = XCConfigurationList;
			buildConfigurations = (
				D45057671D33E15100AC630E /* Debug */,
				D45057681D33E15100AC630E /* Release */,
			);
			defaultConfigurationIsVisible = 0;
			defaultConfigurationName = Release;
		};
		D45057691D33E15100AC630E /* Build configuration list for PBXNativeTarget "AdventureBuilderTests" */ = {
			isa = XCConfigurationList;
			buildConfigurations = (
				D450576A1D33E15100AC630E /* Debug */,
				D450576B1D33E15100AC630E /* Release */,
			);
			defaultConfigurationIsVisible = 0;
			defaultConfigurationName = Release;
		};
		D450576C1D33E15100AC630E /* Build configuration list for PBXNativeTarget "AdventureBuilderUITests" */ = {
			isa = XCConfigurationList;
			buildConfigurations = (
				D450576D1D33E15100AC630E /* Debug */,
				D450576E1D33E15100AC630E /* Release */,
			);
			defaultConfigurationIsVisible = 0;
			defaultConfigurationName = Release;
		};
/* End XCConfigurationList section */
	};
	rootObject = D45057311D33E15100AC630E /* Project object */;
}
